
Microsoft Visual Studio Solution File, Format Version 12.00
# Visual Studio Version 16
VisualStudioVersion = 16.0.30225.117
MinimumVisualStudioVersion = 10.0.40219.1
Project("{FAE04EC0-301F-11D3-BF4B-00C04F79EFBC}") = "spt_0.1", "spt_0.1\spt_0.1.csproj", "{ACF9AF7B-9537-4C15-9D52-0AAA7DF179D9}"
EndProject
Global
	GlobalSection(SolutionConfigurationPlatforms) = preSolution
		Debug|Any CPU = Debug|Any CPU
		Release|Any CPU = Release|Any CPU
	EndGlobalSection
	GlobalSection(ProjectConfigurationPlatforms) = postSolution
		{ACF9AF7B-9537-4C15-9D52-0AAA7DF179D9}.Debug|Any CPU.ActiveCfg = Debug|Any CPU
		{ACF9AF7B-9537-4C15-9D52-0AAA7DF179D9}.Debug|Any CPU.Build.0 = Debug|Any CPU
		{ACF9AF7B-9537-4C15-9D52-0AAA7DF179D9}.Release|Any CPU.ActiveCfg = Release|Any CPU
		{ACF9AF7B-9537-4C15-9D52-0AAA7DF179D9}.Release|Any CPU.Build.0 = Release|Any CPU
	EndGlobalSection
	GlobalSection(SolutionProperties) = preSolution
		HideSolutionNode = FALSE
	EndGlobalSection
	GlobalSection(ExtensibilityGlobals) = postSolution
		SolutionGuid = {1DB6660E-FF47-4F78-867A-34A9D7A674F6}
	EndGlobalSection
EndGlobal
